
Microsoft Visual Studio Solution File, Format Version 12.00
# Visual Studio 2013
VisualStudioVersion = 12.0.40629.0
MinimumVisualStudioVersion = 10.0.40219.1
Project("{FAE04EC0-301F-11D3-BF4B-00C04F79EFBC}") = "Registrator", "Registrator\Registrator.csproj", "{DA1EFDDE-57C5-4D94-9912-43017D976F56}"
	ProjectSection(ProjectDependencies) = postProject
		{F3C121BD-7EB0-46CB-93AB-6E4BE0078226} = {F3C121BD-7EB0-46CB-93AB-6E4BE0078226}
		{04456DDE-AF72-4B83-9132-5AFC5F89CC76} = {04456DDE-AF72-4B83-9132-5AFC5F89CC76}
	EndProjectSection
EndProject
Project("{FAE04EC0-301F-11D3-BF4B-00C04F79EFBC}") = "DrawToolsLib", "DrawToolsLib\DrawToolsLib.csproj", "{04456DDE-AF72-4B83-9132-5AFC5F89CC76}"
EndProject
Project("{8BC9CEB8-8B4A-11D0-8D11-00A0C91BC942}") = "ThermoRoutine", "ThermoRoutine\ThermoRoutine_project\ThermoRoutine.vcxproj", "{F3C121BD-7EB0-46CB-93AB-6E4BE0078226}"
	ProjectSection(ProjectDependencies) = postProject
		{155FD7F0-161B-4000-8FA0-2F9BC4BD594E} = {155FD7F0-161B-4000-8FA0-2F9BC4BD594E}
	EndProjectSection
EndProject
Project("{FAE04EC0-301F-11D3-BF4B-00C04F79EFBC}") = "Utilities", "Utilities\Utilities.csproj", "{A357694B-37A2-40B4-8F3C-537F19675612}"
EndProject
Project("{FAE04EC0-301F-11D3-BF4B-00C04F79EFBC}") = "WinFormsUI", "WinFormsUI\WinFormsUI.csproj", "{C75532C4-765B-418E-B09B-46D36B2ABDB1}"
EndProject
Project("{FAE04EC0-301F-11D3-BF4B-00C04F79EFBC}") = "IRControls", "Range Slider\IRControls.csproj", "{E429AB85-9540-4738-A458-1F39C800553E}"
EndProject
Project("{8BC9CEB8-8B4A-11D0-8D11-00A0C91BC942}") = "position_detector_dispatcher", "position_detector_dispatcher\position_detector_dispatcher_project\position_detector_dispatcher.vcxproj", "{5F5F92EB-A4CC-49B6-AF7C-252296B68FD9}"
	ProjectSection(ProjectDependencies) = postProject
		{70DA0272-A6D7-4700-9CC6-38C740FEFC52} = {70DA0272-A6D7-4700-9CC6-38C740FEFC52}
	EndProjectSection
EndProject
Project("{8BC9CEB8-8B4A-11D0-8D11-00A0C91BC942}") = "common_lib_project", "common\common_lib_project\common_lib_project.vcxproj", "{C616C096-5BEA-4A4B-9F4A-0BD89E458BDB}"
	ProjectSection(ProjectDependencies) = postProject
		{83D5778D-1FC4-433B-B343-FD1D516F1CD1} = {83D5778D-1FC4-433B-B343-FD1D516F1CD1}
	EndProjectSection
EndProject
Project("{8BC9CEB8-8B4A-11D0-8D11-00A0C91BC942}") = "position_detector_common", "position_detector_common\position_detector_common_project\position_detector_common.vcxproj", "{70DA0272-A6D7-4700-9CC6-38C740FEFC52}"
	ProjectSection(ProjectDependencies) = postProject
		{C616C096-5BEA-4A4B-9F4A-0BD89E458BDB} = {C616C096-5BEA-4A4B-9F4A-0BD89E458BDB}
	EndProjectSection
EndProject
Project("{8BC9CEB8-8B4A-11D0-8D11-00A0C91BC942}") = "PD_COMServer", "position_detector_com_server\pd_com_server_project\PD_COMServer.vcxproj", "{2F18715C-4AF0-4E41-994D-996C64A5363D}"
	ProjectSection(ProjectDependencies) = postProject
		{5F5F92EB-A4CC-49B6-AF7C-252296B68FD9} = {5F5F92EB-A4CC-49B6-AF7C-252296B68FD9}
	EndProjectSection
EndProject
Project("{8BC9CEB8-8B4A-11D0-8D11-00A0C91BC942}") = "client_pd_dispatcher", "client_pd_dispatcher\client_pd_dispatcher_project\client_pd_dispatcher.vcxproj", "{155FD7F0-161B-4000-8FA0-2F9BC4BD594E}"
	ProjectSection(ProjectDependencies) = postProject
		{2F18715C-4AF0-4E41-994D-996C64A5363D} = {2F18715C-4AF0-4E41-994D-996C64A5363D}
		{70DA0272-A6D7-4700-9CC6-38C740FEFC52} = {70DA0272-A6D7-4700-9CC6-38C740FEFC52}
	EndProjectSection
EndProject
Project("{8BC9CEB8-8B4A-11D0-8D11-00A0C91BC942}") = "client_pd_dispatcher_test_project", "client_pd_dispatcher\client_pd_dispatcher_test_project\client_pd_dispatcher_test_project.vcxproj", "{8FC48B72-0B04-4FBB-85A3-887B085FF383}"
EndProject
Project("{8BC9CEB8-8B4A-11D0-8D11-00A0C91BC942}") = "ThermoRoutine_test_project", "ThermoRoutine\ThermoRoutine_test_project\ThermoRoutine_test_project.vcxproj", "{3F0197CA-05FC-4ED6-8E6A-0F5B1D26FA59}"
EndProject
Project("{8BC9CEB8-8B4A-11D0-8D11-00A0C91BC942}") = "pos_detector_common_test_project", "position_detector_common\position_detector_common_test_project\position_detector_common_test_project.vcxproj", "{2382827A-89E6-4658-88F5-3B5153780526}"
EndProject
Project("{8BC9CEB8-8B4A-11D0-8D11-00A0C91BC942}") = "pos_detector_disp_test_project", "position_detector_dispatcher\position_detector_dispatcher_test_project\position_detector_dispatcher_test_project.vcxproj", "{275C1279-C4A8-4ADA-8B6C-BAE4487A0B0A}"
EndProject
Project("{2150E333-8FDC-42A3-9474-1A3956D46DE8}") = "Solution Items", "Solution Items", "{D5EDBDBB-52E9-4419-B4C0-57F22BBA3E9E}"
EndProject
Project("{2150E333-8FDC-42A3-9474-1A3956D46DE8}") = "MSBuild", "MSBuild", "{AEC7BE56-5361-4414-90D5-D005B12C0089}"
	ProjectSection(SolutionItems) = preProject
		MSBuild\common.targets = MSBuild\common.targets
	EndProjectSection
EndProject
Project("{8BC9CEB8-8B4A-11D0-8D11-00A0C91BC942}") = "zlibstat", "zlib-1.2.8\contrib\vstudio\vc11\zlibstat.vcxproj", "{745DEC58-EBB3-47A9-A9B8-4C6627C01BF8}"
EndProject
Project("{8BC9CEB8-8B4A-11D0-8D11-00A0C91BC942}") = "loglib_project", "loglib\loglib_project\loglib_project.vcxproj", "{83D5778D-1FC4-433B-B343-FD1D516F1CD1}"
EndProject
Project("{8BC9CEB8-8B4A-11D0-8D11-00A0C91BC942}") = "pugixml_vs2013", "pugixml-1.5\scripts\pugixml_vs2013.vcxproj", "{600AB374-2850-4395-B68C-5BFC9C7C5C5A}"
EndProject
Global
	GlobalSection(SolutionConfigurationPlatforms) = preSolution
		Debug|Any CPU = Debug|Any CPU
		Debug|Win32 = Debug|Win32
		Debug|x64 = Debug|x64
		Debug|x86 = Debug|x86
		Release|Any CPU = Release|Any CPU
		Release|Win32 = Release|Win32
		Release|x64 = Release|x64
		Release|x86 = Release|x86
	EndGlobalSection
	GlobalSection(ProjectConfigurationPlatforms) = postSolution
		{DA1EFDDE-57C5-4D94-9912-43017D976F56}.Debug|Any CPU.ActiveCfg = Debug|Any CPU
		{DA1EFDDE-57C5-4D94-9912-43017D976F56}.Debug|Any CPU.Build.0 = Debug|Any CPU
		{DA1EFDDE-57C5-4D94-9912-43017D976F56}.Debug|Win32.ActiveCfg = Debug|x86
		{DA1EFDDE-57C5-4D94-9912-43017D976F56}.Debug|Win32.Build.0 = Debug|x86
		{DA1EFDDE-57C5-4D94-9912-43017D976F56}.Debug|x64.ActiveCfg = Debug|x64
		{DA1EFDDE-57C5-4D94-9912-43017D976F56}.Debug|x86.ActiveCfg = Debug|x86
		{DA1EFDDE-57C5-4D94-9912-43017D976F56}.Debug|x86.Build.0 = Debug|x86
		{DA1EFDDE-57C5-4D94-9912-43017D976F56}.Release|Any CPU.ActiveCfg = Release|x86
		{DA1EFDDE-57C5-4D94-9912-43017D976F56}.Release|Win32.ActiveCfg = Release|x86
		{DA1EFDDE-57C5-4D94-9912-43017D976F56}.Release|Win32.Build.0 = Release|x86
		{DA1EFDDE-57C5-4D94-9912-43017D976F56}.Release|x64.ActiveCfg = Release|x64
		{DA1EFDDE-57C5-4D94-9912-43017D976F56}.Release|x64.Build.0 = Release|x64
		{DA1EFDDE-57C5-4D94-9912-43017D976F56}.Release|x86.ActiveCfg = Release|x86
		{DA1EFDDE-57C5-4D94-9912-43017D976F56}.Release|x86.Build.0 = Release|x86
		{04456DDE-AF72-4B83-9132-5AFC5F89CC76}.Debug|Any CPU.ActiveCfg = Debug|Any CPU
		{04456DDE-AF72-4B83-9132-5AFC5F89CC76}.Debug|Any CPU.Build.0 = Debug|Any CPU
		{04456DDE-AF72-4B83-9132-5AFC5F89CC76}.Debug|Win32.ActiveCfg = Debug|Any CPU
		{04456DDE-AF72-4B83-9132-5AFC5F89CC76}.Debug|Win32.Build.0 = Debug|Any CPU
		{04456DDE-AF72-4B83-9132-5AFC5F89CC76}.Debug|x64.ActiveCfg = Debug|Any CPU
		{04456DDE-AF72-4B83-9132-5AFC5F89CC76}.Debug|x64.Build.0 = Debug|Any CPU
		{04456DDE-AF72-4B83-9132-5AFC5F89CC76}.Debug|x86.ActiveCfg = Debug|Any CPU
		{04456DDE-AF72-4B83-9132-5AFC5F89CC76}.Debug|x86.Build.0 = Debug|Any CPU
		{04456DDE-AF72-4B83-9132-5AFC5F89CC76}.Release|Any CPU.ActiveCfg = Release|Any CPU
		{04456DDE-AF72-4B83-9132-5AFC5F89CC76}.Release|Any CPU.Build.0 = Release|Any CPU
		{04456DDE-AF72-4B83-9132-5AFC5F89CC76}.Release|Win32.ActiveCfg = Release|Any CPU
		{04456DDE-AF72-4B83-9132-5AFC5F89CC76}.Release|Win32.Build.0 = Release|Any CPU
		{04456DDE-AF72-4B83-9132-5AFC5F89CC76}.Release|x64.ActiveCfg = Release|Any CPU
		{04456DDE-AF72-4B83-9132-5AFC5F89CC76}.Release|x64.Build.0 = Release|Any CPU
		{04456DDE-AF72-4B83-9132-5AFC5F89CC76}.Release|x86.ActiveCfg = Release|Any CPU
		{04456DDE-AF72-4B83-9132-5AFC5F89CC76}.Release|x86.Build.0 = Release|Any CPU
		{F3C121BD-7EB0-46CB-93AB-6E4BE0078226}.Debug|Any CPU.ActiveCfg = Debug|Win32
		{F3C121BD-7EB0-46CB-93AB-6E4BE0078226}.Debug|Win32.ActiveCfg = Debug|Win32
		{F3C121BD-7EB0-46CB-93AB-6E4BE0078226}.Debug|Win32.Build.0 = Debug|Win32
		{F3C121BD-7EB0-46CB-93AB-6E4BE0078226}.Debug|x64.ActiveCfg = Debug|x64
		{F3C121BD-7EB0-46CB-93AB-6E4BE0078226}.Debug|x64.Build.0 = Debug|x64
		{F3C121BD-7EB0-46CB-93AB-6E4BE0078226}.Debug|x86.ActiveCfg = Debug|Win32
		{F3C121BD-7EB0-46CB-93AB-6E4BE0078226}.Debug|x86.Build.0 = Debug|Win32
		{F3C121BD-7EB0-46CB-93AB-6E4BE0078226}.Release|Any CPU.ActiveCfg = Release|Win32
		{F3C121BD-7EB0-46CB-93AB-6E4BE0078226}.Release|Win32.ActiveCfg = Release|Win32
		{F3C121BD-7EB0-46CB-93AB-6E4BE0078226}.Release|Win32.Build.0 = Release|Win32
		{F3C121BD-7EB0-46CB-93AB-6E4BE0078226}.Release|x64.ActiveCfg = Release|x64
		{F3C121BD-7EB0-46CB-93AB-6E4BE0078226}.Release|x64.Build.0 = Release|x64
		{F3C121BD-7EB0-46CB-93AB-6E4BE0078226}.Release|x86.ActiveCfg = Release|Win32
		{F3C121BD-7EB0-46CB-93AB-6E4BE0078226}.Release|x86.Build.0 = Release|Win32
		{A357694B-37A2-40B4-8F3C-537F19675612}.Debug|Any CPU.ActiveCfg = Debug|Any CPU
		{A357694B-37A2-40B4-8F3C-537F19675612}.Debug|Any CPU.Build.0 = Debug|Any CPU
		{A357694B-37A2-40B4-8F3C-537F19675612}.Debug|Win32.ActiveCfg = Debug|Any CPU
		{A357694B-37A2-40B4-8F3C-537F19675612}.Debug|Win32.Build.0 = Debug|Any CPU
		{A357694B-37A2-40B4-8F3C-537F19675612}.Debug|x64.ActiveCfg = Debug|Any CPU
		{A357694B-37A2-40B4-8F3C-537F19675612}.Debug|x64.Build.0 = Debug|Any CPU
		{A357694B-37A2-40B4-8F3C-537F19675612}.Debug|x86.ActiveCfg = Debug|Any CPU
		{A357694B-37A2-40B4-8F3C-537F19675612}.Debug|x86.Build.0 = Debug|Any CPU
		{A357694B-37A2-40B4-8F3C-537F19675612}.Release|Any CPU.ActiveCfg = Release|Any CPU
		{A357694B-37A2-40B4-8F3C-537F19675612}.Release|Any CPU.Build.0 = Release|Any CPU
		{A357694B-37A2-40B4-8F3C-537F19675612}.Release|Win32.ActiveCfg = Release|Any CPU
		{A357694B-37A2-40B4-8F3C-537F19675612}.Release|Win32.Build.0 = Release|Any CPU
		{A357694B-37A2-40B4-8F3C-537F19675612}.Release|x64.ActiveCfg = Release|Any CPU
		{A357694B-37A2-40B4-8F3C-537F19675612}.Release|x64.Build.0 = Release|Any CPU
		{A357694B-37A2-40B4-8F3C-537F19675612}.Release|x86.ActiveCfg = Release|Any CPU
		{A357694B-37A2-40B4-8F3C-537F19675612}.Release|x86.Build.0 = Release|Any CPU
		{C75532C4-765B-418E-B09B-46D36B2ABDB1}.Debug|Any CPU.ActiveCfg = Debug|Any CPU
		{C75532C4-765B-418E-B09B-46D36B2ABDB1}.Debug|Any CPU.Build.0 = Debug|Any CPU
		{C75532C4-765B-418E-B09B-46D36B2ABDB1}.Debug|Win32.ActiveCfg = Debug|Any CPU
		{C75532C4-765B-418E-B09B-46D36B2ABDB1}.Debug|Win32.Build.0 = Debug|Any CPU
		{C75532C4-765B-418E-B09B-46D36B2ABDB1}.Debug|x64.ActiveCfg = Debug|Any CPU
		{C75532C4-765B-418E-B09B-46D36B2ABDB1}.Debug|x64.Build.0 = Debug|Any CPU
		{C75532C4-765B-418E-B09B-46D36B2ABDB1}.Debug|x86.ActiveCfg = Debug|Any CPU
		{C75532C4-765B-418E-B09B-46D36B2ABDB1}.Debug|x86.Build.0 = Debug|Any CPU
		{C75532C4-765B-418E-B09B-46D36B2ABDB1}.Release|Any CPU.ActiveCfg = Release|Any CPU
		{C75532C4-765B-418E-B09B-46D36B2ABDB1}.Release|Any CPU.Build.0 = Release|Any CPU
		{C75532C4-765B-418E-B09B-46D36B2ABDB1}.Release|Win32.ActiveCfg = Release|Any CPU
		{C75532C4-765B-418E-B09B-46D36B2ABDB1}.Release|Win32.Build.0 = Release|Any CPU
		{C75532C4-765B-418E-B09B-46D36B2ABDB1}.Release|x64.ActiveCfg = Release|Any CPU
		{C75532C4-765B-418E-B09B-46D36B2ABDB1}.Release|x64.Build.0 = Release|Any CPU
		{C75532C4-765B-418E-B09B-46D36B2ABDB1}.Release|x86.ActiveCfg = Release|Any CPU
		{C75532C4-765B-418E-B09B-46D36B2ABDB1}.Release|x86.Build.0 = Release|Any CPU
		{E429AB85-9540-4738-A458-1F39C800553E}.Debug|Any CPU.ActiveCfg = Debug|Any CPU
		{E429AB85-9540-4738-A458-1F39C800553E}.Debug|Any CPU.Build.0 = Debug|Any CPU
		{E429AB85-9540-4738-A458-1F39C800553E}.Debug|Win32.ActiveCfg = Debug|Any CPU
		{E429AB85-9540-4738-A458-1F39C800553E}.Debug|x64.ActiveCfg = Debug|Any CPU
		{E429AB85-9540-4738-A458-1F39C800553E}.Debug|x86.ActiveCfg = Debug|Any CPU
		{E429AB85-9540-4738-A458-1F39C800553E}.Release|Any CPU.ActiveCfg = Release|Any CPU
		{E429AB85-9540-4738-A458-1F39C800553E}.Release|Any CPU.Build.0 = Release|Any CPU
		{E429AB85-9540-4738-A458-1F39C800553E}.Release|Win32.ActiveCfg = Release|Any CPU
		{E429AB85-9540-4738-A458-1F39C800553E}.Release|x64.ActiveCfg = Release|Any CPU
		{E429AB85-9540-4738-A458-1F39C800553E}.Release|x86.ActiveCfg = Release|Any CPU
		{5F5F92EB-A4CC-49B6-AF7C-252296B68FD9}.Debug|Any CPU.ActiveCfg = Debug|Win32
		{5F5F92EB-A4CC-49B6-AF7C-252296B68FD9}.Debug|Win32.ActiveCfg = Debug|Win32
		{5F5F92EB-A4CC-49B6-AF7C-252296B68FD9}.Debug|Win32.Build.0 = Debug|Win32
		{5F5F92EB-A4CC-49B6-AF7C-252296B68FD9}.Debug|x64.ActiveCfg = Debug|x64
		{5F5F92EB-A4CC-49B6-AF7C-252296B68FD9}.Debug|x64.Build.0 = Debug|x64
		{5F5F92EB-A4CC-49B6-AF7C-252296B68FD9}.Debug|x86.ActiveCfg = Debug|Win32
		{5F5F92EB-A4CC-49B6-AF7C-252296B68FD9}.Debug|x86.Build.0 = Debug|Win32
		{5F5F92EB-A4CC-49B6-AF7C-252296B68FD9}.Release|Any CPU.ActiveCfg = Release|Win32
		{5F5F92EB-A4CC-49B6-AF7C-252296B68FD9}.Release|Win32.ActiveCfg = Release|Win32
		{5F5F92EB-A4CC-49B6-AF7C-252296B68FD9}.Release|Win32.Build.0 = Release|Win32
		{5F5F92EB-A4CC-49B6-AF7C-252296B68FD9}.Release|x64.ActiveCfg = Release|x64
		{5F5F92EB-A4CC-49B6-AF7C-252296B68FD9}.Release|x64.Build.0 = Release|x64
		{5F5F92EB-A4CC-49B6-AF7C-252296B68FD9}.Release|x86.ActiveCfg = Release|Win32
		{5F5F92EB-A4CC-49B6-AF7C-252296B68FD9}.Release|x86.Build.0 = Release|Win32
		{C616C096-5BEA-4A4B-9F4A-0BD89E458BDB}.Debug|Any CPU.ActiveCfg = Debug|Win32
		{C616C096-5BEA-4A4B-9F4A-0BD89E458BDB}.Debug|Win32.ActiveCfg = Debug|Win32
		{C616C096-5BEA-4A4B-9F4A-0BD89E458BDB}.Debug|Win32.Build.0 = Debug|Win32
		{C616C096-5BEA-4A4B-9F4A-0BD89E458BDB}.Debug|x64.ActiveCfg = Debug|x64
		{C616C096-5BEA-4A4B-9F4A-0BD89E458BDB}.Debug|x64.Build.0 = Debug|x64
		{C616C096-5BEA-4A4B-9F4A-0BD89E458BDB}.Debug|x86.ActiveCfg = Debug|Win32
		{C616C096-5BEA-4A4B-9F4A-0BD89E458BDB}.Debug|x86.Build.0 = Debug|Win32
		{C616C096-5BEA-4A4B-9F4A-0BD89E458BDB}.Release|Any CPU.ActiveCfg = Release|Win32
		{C616C096-5BEA-4A4B-9F4A-0BD89E458BDB}.Release|Win32.ActiveCfg = Release|Win32
		{C616C096-5BEA-4A4B-9F4A-0BD89E458BDB}.Release|Win32.Build.0 = Release|Win32
		{C616C096-5BEA-4A4B-9F4A-0BD89E458BDB}.Release|x64.ActiveCfg = Release|x64
		{C616C096-5BEA-4A4B-9F4A-0BD89E458BDB}.Release|x64.Build.0 = Release|x64
		{C616C096-5BEA-4A4B-9F4A-0BD89E458BDB}.Release|x86.ActiveCfg = Release|Win32
		{C616C096-5BEA-4A4B-9F4A-0BD89E458BDB}.Release|x86.Build.0 = Release|Win32
		{70DA0272-A6D7-4700-9CC6-38C740FEFC52}.Debug|Any CPU.ActiveCfg = Debug|Win32
		{70DA0272-A6D7-4700-9CC6-38C740FEFC52}.Debug|Win32.ActiveCfg = Debug|Win32
		{70DA0272-A6D7-4700-9CC6-38C740FEFC52}.Debug|Win32.Build.0 = Debug|Win32
		{70DA0272-A6D7-4700-9CC6-38C740FEFC52}.Debug|x64.ActiveCfg = Debug|x64
		{70DA0272-A6D7-4700-9CC6-38C740FEFC52}.Debug|x64.Build.0 = Debug|x64
		{70DA0272-A6D7-4700-9CC6-38C740FEFC52}.Debug|x86.ActiveCfg = Debug|Win32
		{70DA0272-A6D7-4700-9CC6-38C740FEFC52}.Debug|x86.Build.0 = Debug|Win32
		{70DA0272-A6D7-4700-9CC6-38C740FEFC52}.Release|Any CPU.ActiveCfg = Release|Win32
		{70DA0272-A6D7-4700-9CC6-38C740FEFC52}.Release|Win32.ActiveCfg = Release|Win32
		{70DA0272-A6D7-4700-9CC6-38C740FEFC52}.Release|Win32.Build.0 = Release|Win32
		{70DA0272-A6D7-4700-9CC6-38C740FEFC52}.Release|x64.ActiveCfg = Release|x64
		{70DA0272-A6D7-4700-9CC6-38C740FEFC52}.Release|x64.Build.0 = Release|x64
		{70DA0272-A6D7-4700-9CC6-38C740FEFC52}.Release|x86.ActiveCfg = Release|Win32
		{70DA0272-A6D7-4700-9CC6-38C740FEFC52}.Release|x86.Build.0 = Release|Win32
		{2F18715C-4AF0-4E41-994D-996C64A5363D}.Debug|Any CPU.ActiveCfg = Debug|Win32
		{2F18715C-4AF0-4E41-994D-996C64A5363D}.Debug|Win32.ActiveCfg = Debug|Win32
		{2F18715C-4AF0-4E41-994D-996C64A5363D}.Debug|Win32.Build.0 = Debug|Win32
		{2F18715C-4AF0-4E41-994D-996C64A5363D}.Debug|x64.ActiveCfg = Debug|x64
		{2F18715C-4AF0-4E41-994D-996C64A5363D}.Debug|x64.Build.0 = Debug|x64
		{2F18715C-4AF0-4E41-994D-996C64A5363D}.Debug|x86.ActiveCfg = Debug|Win32
		{2F18715C-4AF0-4E41-994D-996C64A5363D}.Debug|x86.Build.0 = Debug|Win32
		{2F18715C-4AF0-4E41-994D-996C64A5363D}.Release|Any CPU.ActiveCfg = Release|Win32
		{2F18715C-4AF0-4E41-994D-996C64A5363D}.Release|Win32.ActiveCfg = Release|Win32
		{2F18715C-4AF0-4E41-994D-996C64A5363D}.Release|Win32.Build.0 = Release|Win32
		{2F18715C-4AF0-4E41-994D-996C64A5363D}.Release|x64.ActiveCfg = Release|x64
		{2F18715C-4AF0-4E41-994D-996C64A5363D}.Release|x64.Build.0 = Release|x64
		{2F18715C-4AF0-4E41-994D-996C64A5363D}.Release|x86.ActiveCfg = Release|Win32
		{2F18715C-4AF0-4E41-994D-996C64A5363D}.Release|x86.Build.0 = Release|Win32
		{155FD7F0-161B-4000-8FA0-2F9BC4BD594E}.Debug|Any CPU.ActiveCfg = Debug|Win32
		{155FD7F0-161B-4000-8FA0-2F9BC4BD594E}.Debug|Win32.ActiveCfg = Debug|Win32
		{155FD7F0-161B-4000-8FA0-2F9BC4BD594E}.Debug|Win32.Build.0 = Debug|Win32
		{155FD7F0-161B-4000-8FA0-2F9BC4BD594E}.Debug|x64.ActiveCfg = Debug|x64
		{155FD7F0-161B-4000-8FA0-2F9BC4BD594E}.Debug|x64.Build.0 = Debug|x64
		{155FD7F0-161B-4000-8FA0-2F9BC4BD594E}.Debug|x86.ActiveCfg = Debug|Win32
		{155FD7F0-161B-4000-8FA0-2F9BC4BD594E}.Debug|x86.Build.0 = Debug|Win32
		{155FD7F0-161B-4000-8FA0-2F9BC4BD594E}.Release|Any CPU.ActiveCfg = Release|Win32
		{155FD7F0-161B-4000-8FA0-2F9BC4BD594E}.Release|Win32.ActiveCfg = Release|Win32
		{155FD7F0-161B-4000-8FA0-2F9BC4BD594E}.Release|Win32.Build.0 = Release|Win32
		{155FD7F0-161B-4000-8FA0-2F9BC4BD594E}.Release|x64.ActiveCfg = Release|x64
		{155FD7F0-161B-4000-8FA0-2F9BC4BD594E}.Release|x64.Build.0 = Release|x64
		{155FD7F0-161B-4000-8FA0-2F9BC4BD594E}.Release|x86.ActiveCfg = Release|Win32
		{155FD7F0-161B-4000-8FA0-2F9BC4BD594E}.Release|x86.Build.0 = Release|Win32
		{8FC48B72-0B04-4FBB-85A3-887B085FF383}.Debug|Any CPU.ActiveCfg = Debug|Win32
		{8FC48B72-0B04-4FBB-85A3-887B085FF383}.Debug|Win32.ActiveCfg = Debug|Win32
		{8FC48B72-0B04-4FBB-85A3-887B085FF383}.Debug|Win32.Build.0 = Debug|Win32
		{8FC48B72-0B04-4FBB-85A3-887B085FF383}.Debug|x64.ActiveCfg = Debug|Win32
		{8FC48B72-0B04-4FBB-85A3-887B085FF383}.Debug|x86.ActiveCfg = Debug|Win32
		{8FC48B72-0B04-4FBB-85A3-887B085FF383}.Debug|x86.Build.0 = Debug|Win32
		{8FC48B72-0B04-4FBB-85A3-887B085FF383}.Release|Any CPU.ActiveCfg = Release|Win32
		{8FC48B72-0B04-4FBB-85A3-887B085FF383}.Release|Win32.ActiveCfg = Release|Win32
		{8FC48B72-0B04-4FBB-85A3-887B085FF383}.Release|Win32.Build.0 = Release|Win32
		{8FC48B72-0B04-4FBB-85A3-887B085FF383}.Release|x64.ActiveCfg = Release|x64
		{8FC48B72-0B04-4FBB-85A3-887B085FF383}.Release|x64.Build.0 = Release|x64
		{8FC48B72-0B04-4FBB-85A3-887B085FF383}.Release|x86.ActiveCfg = Release|Win32
		{8FC48B72-0B04-4FBB-85A3-887B085FF383}.Release|x86.Build.0 = Release|Win32
		{3F0197CA-05FC-4ED6-8E6A-0F5B1D26FA59}.Debug|Any CPU.ActiveCfg = Debug|Win32
		{3F0197CA-05FC-4ED6-8E6A-0F5B1D26FA59}.Debug|Win32.ActiveCfg = Debug|Win32
		{3F0197CA-05FC-4ED6-8E6A-0F5B1D26FA59}.Debug|Win32.Build.0 = Debug|Win32
		{3F0197CA-05FC-4ED6-8E6A-0F5B1D26FA59}.Debug|x64.ActiveCfg = Debug|Win32
		{3F0197CA-05FC-4ED6-8E6A-0F5B1D26FA59}.Debug|x86.ActiveCfg = Debug|Win32
		{3F0197CA-05FC-4ED6-8E6A-0F5B1D26FA59}.Debug|x86.Build.0 = Debug|Win32
		{3F0197CA-05FC-4ED6-8E6A-0F5B1D26FA59}.Release|Any CPU.ActiveCfg = Release|Win32
		{3F0197CA-05FC-4ED6-8E6A-0F5B1D26FA59}.Release|Win32.ActiveCfg = Release|Win32
		{3F0197CA-05FC-4ED6-8E6A-0F5B1D26FA59}.Release|Win32.Build.0 = Release|Win32
		{3F0197CA-05FC-4ED6-8E6A-0F5B1D26FA59}.Release|x64.ActiveCfg = Release|x64
		{3F0197CA-05FC-4ED6-8E6A-0F5B1D26FA59}.Release|x64.Build.0 = Release|x64
		{3F0197CA-05FC-4ED6-8E6A-0F5B1D26FA59}.Release|x86.ActiveCfg = Release|Win32
		{3F0197CA-05FC-4ED6-8E6A-0F5B1D26FA59}.Release|x86.Build.0 = Release|Win32
		{2382827A-89E6-4658-88F5-3B5153780526}.Debug|Any CPU.ActiveCfg = Debug|Win32
		{2382827A-89E6-4658-88F5-3B5153780526}.Debug|Win32.ActiveCfg = Debug|Win32
		{2382827A-89E6-4658-88F5-3B5153780526}.Debug|Win32.Build.0 = Debug|Win32
		{2382827A-89E6-4658-88F5-3B5153780526}.Debug|x64.ActiveCfg = Debug|Win32
		{2382827A-89E6-4658-88F5-3B5153780526}.Debug|x86.ActiveCfg = Debug|Win32
		{2382827A-89E6-4658-88F5-3B5153780526}.Debug|x86.Build.0 = Debug|Win32
		{2382827A-89E6-4658-88F5-3B5153780526}.Release|Any CPU.ActiveCfg = Release|Win32
		{2382827A-89E6-4658-88F5-3B5153780526}.Release|Win32.ActiveCfg = Release|Win32
		{2382827A-89E6-4658-88F5-3B5153780526}.Release|Win32.Build.0 = Release|Win32
		{2382827A-89E6-4658-88F5-3B5153780526}.Release|x64.ActiveCfg = Release|x64
		{2382827A-89E6-4658-88F5-3B5153780526}.Release|x64.Build.0 = Release|x64
		{2382827A-89E6-4658-88F5-3B5153780526}.Release|x86.ActiveCfg = Release|Win32
		{2382827A-89E6-4658-88F5-3B5153780526}.Release|x86.Build.0 = Release|Win32
		{275C1279-C4A8-4ADA-8B6C-BAE4487A0B0A}.Debug|Any CPU.ActiveCfg = Debug|Win32
		{275C1279-C4A8-4ADA-8B6C-BAE4487A0B0A}.Debug|Win32.ActiveCfg = Debug|Win32
		{275C1279-C4A8-4ADA-8B6C-BAE4487A0B0A}.Debug|Win32.Build.0 = Debug|Win32
		{275C1279-C4A8-4ADA-8B6C-BAE4487A0B0A}.Debug|x64.ActiveCfg = Debug|Win32
		{275C1279-C4A8-4ADA-8B6C-BAE4487A0B0A}.Debug|x86.ActiveCfg = Debug|Win32
		{275C1279-C4A8-4ADA-8B6C-BAE4487A0B0A}.Debug|x86.Build.0 = Debug|Win32
		{275C1279-C4A8-4ADA-8B6C-BAE4487A0B0A}.Release|Any CPU.ActiveCfg = Release|Win32
		{275C1279-C4A8-4ADA-8B6C-BAE4487A0B0A}.Release|Win32.ActiveCfg = Release|Win32
		{275C1279-C4A8-4ADA-8B6C-BAE4487A0B0A}.Release|Win32.Build.0 = Release|Win32
		{275C1279-C4A8-4ADA-8B6C-BAE4487A0B0A}.Release|x64.ActiveCfg = Release|x64
		{275C1279-C4A8-4ADA-8B6C-BAE4487A0B0A}.Release|x64.Build.0 = Release|x64
		{275C1279-C4A8-4ADA-8B6C-BAE4487A0B0A}.Release|x86.ActiveCfg = Release|Win32
		{275C1279-C4A8-4ADA-8B6C-BAE4487A0B0A}.Release|x86.Build.0 = Release|Win32
		{745DEC58-EBB3-47A9-A9B8-4C6627C01BF8}.Debug|Any CPU.ActiveCfg = Debug|Win32
		{745DEC58-EBB3-47A9-A9B8-4C6627C01BF8}.Debug|Win32.ActiveCfg = Debug|Win32
		{745DEC58-EBB3-47A9-A9B8-4C6627C01BF8}.Debug|Win32.Build.0 = Debug|Win32
		{745DEC58-EBB3-47A9-A9B8-4C6627C01BF8}.Debug|x64.ActiveCfg = Debug|x64
		{745DEC58-EBB3-47A9-A9B8-4C6627C01BF8}.Debug|x64.Build.0 = Debug|x64
		{745DEC58-EBB3-47A9-A9B8-4C6627C01BF8}.Debug|x86.ActiveCfg = Debug|Win32
		{745DEC58-EBB3-47A9-A9B8-4C6627C01BF8}.Debug|x86.Build.0 = Debug|Win32
		{745DEC58-EBB3-47A9-A9B8-4C6627C01BF8}.Release|Any CPU.ActiveCfg = Release|Win32
		{745DEC58-EBB3-47A9-A9B8-4C6627C01BF8}.Release|Win32.ActiveCfg = Release|Win32
		{745DEC58-EBB3-47A9-A9B8-4C6627C01BF8}.Release|Win32.Build.0 = Release|Win32
		{745DEC58-EBB3-47A9-A9B8-4C6627C01BF8}.Release|x64.ActiveCfg = Release|x64
		{745DEC58-EBB3-47A9-A9B8-4C6627C01BF8}.Release|x64.Build.0 = Release|x64
		{745DEC58-EBB3-47A9-A9B8-4C6627C01BF8}.Release|x86.ActiveCfg = Release|Win32
		{745DEC58-EBB3-47A9-A9B8-4C6627C01BF8}.Release|x86.Build.0 = Release|Win32
		{83D5778D-1FC4-433B-B343-FD1D516F1CD1}.Debug|Any CPU.ActiveCfg = Debug|Win32
		{83D5778D-1FC4-433B-B343-FD1D516F1CD1}.Debug|Win32.ActiveCfg = Debug|Win32
		{83D5778D-1FC4-433B-B343-FD1D516F1CD1}.Debug|Win32.Build.0 = Debug|Win32
		{83D5778D-1FC4-433B-B343-FD1D516F1CD1}.Debug|x64.ActiveCfg = Debug|x64
		{83D5778D-1FC4-433B-B343-FD1D516F1CD1}.Debug|x64.Build.0 = Debug|x64
		{83D5778D-1FC4-433B-B343-FD1D516F1CD1}.Debug|x86.ActiveCfg = Debug|Win32
		{83D5778D-1FC4-433B-B343-FD1D516F1CD1}.Debug|x86.Build.0 = Debug|Win32
		{83D5778D-1FC4-433B-B343-FD1D516F1CD1}.Release|Any CPU.ActiveCfg = Release|Win32
		{83D5778D-1FC4-433B-B343-FD1D516F1CD1}.Release|Win32.ActiveCfg = Release|Win32
		{83D5778D-1FC4-433B-B343-FD1D516F1CD1}.Release|Win32.Build.0 = Release|Win32
		{83D5778D-1FC4-433B-B343-FD1D516F1CD1}.Release|x64.ActiveCfg = Release|x64
		{83D5778D-1FC4-433B-B343-FD1D516F1CD1}.Release|x64.Build.0 = Release|x64
		{83D5778D-1FC4-433B-B343-FD1D516F1CD1}.Release|x86.ActiveCfg = Release|Win32
		{83D5778D-1FC4-433B-B343-FD1D516F1CD1}.Release|x86.Build.0 = Release|Win32
		{600AB374-2850-4395-B68C-5BFC9C7C5C5A}.Debug|Any CPU.ActiveCfg = Debug|Win32
		{600AB374-2850-4395-B68C-5BFC9C7C5C5A}.Debug|Win32.ActiveCfg = Debug|Win32
		{600AB374-2850-4395-B68C-5BFC9C7C5C5A}.Debug|Win32.Build.0 = Debug|Win32
		{600AB374-2850-4395-B68C-5BFC9C7C5C5A}.Debug|x64.ActiveCfg = Debug|x64
		{600AB374-2850-4395-B68C-5BFC9C7C5C5A}.Debug|x64.Build.0 = Debug|x64
		{600AB374-2850-4395-B68C-5BFC9C7C5C5A}.Debug|x86.ActiveCfg = Debug|Win32
		{600AB374-2850-4395-B68C-5BFC9C7C5C5A}.Debug|x86.Build.0 = Debug|Win32
		{600AB374-2850-4395-B68C-5BFC9C7C5C5A}.Release|Any CPU.ActiveCfg = Release|Win32
		{600AB374-2850-4395-B68C-5BFC9C7C5C5A}.Release|Win32.ActiveCfg = Release|Win32
		{600AB374-2850-4395-B68C-5BFC9C7C5C5A}.Release|Win32.Build.0 = Release|Win32
		{600AB374-2850-4395-B68C-5BFC9C7C5C5A}.Release|x64.ActiveCfg = Release|x64
		{600AB374-2850-4395-B68C-5BFC9C7C5C5A}.Release|x64.Build.0 = Release|x64
		{600AB374-2850-4395-B68C-5BFC9C7C5C5A}.Release|x86.ActiveCfg = Release|Win32
		{600AB374-2850-4395-B68C-5BFC9C7C5C5A}.Release|x86.Build.0 = Release|Win32
	EndGlobalSection
	GlobalSection(SolutionProperties) = preSolution
		HideSolutionNode = FALSE
	EndGlobalSection
EndGlobal
