
Microsoft Visual Studio Solution File, Format Version 12.00
# Visual Studio 2013
VisualStudioVersion = 12.0.21005.1
MinimumVisualStudioVersion = 10.0.40219.1
Project("{8BC9CEB8-8B4A-11D0-8D11-00A0C91BC942}") = "ThermoRoutine", "ThermoRoutine.vcxproj", "{F3C121BD-7EB0-46CB-93AB-6E4BE0078226}"
EndProject
Project("{8BC9CEB8-8B4A-11D0-8D11-00A0C91BC942}") = "common_lib_project", "..\..\common\common_lib_project\common_lib_project.vcxproj", "{C616C096-5BEA-4A4B-9F4A-0BD89E458BDB}"
EndProject
Project("{8BC9CEB8-8B4A-11D0-8D11-00A0C91BC942}") = "client_pd_dispatcher", "..\..\client_pd_dispatcher\client_pd_dispatcher_project\client_pd_dispatcher.vcxproj", "{5F5F92EB-A4CC-49B6-AF7C-252296B68FD9}"
EndProject
Project("{8BC9CEB8-8B4A-11D0-8D11-00A0C91BC942}") = "client_pd_dispatcher_test_project", "..\..\client_pd_dispatcher\client_pd_dispatcher_test_project\client_pd_dispatcher_test_project.vcxproj", "{8FC48B72-0B04-4FBB-85A3-887B085FF383}"
EndProject
Project("{8BC9CEB8-8B4A-11D0-8D11-00A0C91BC942}") = "ThermoRoutine_test_project", "..\ThermoRoutine_test_project\ThermoRoutine_test_project.vcxproj", "{3F0197CA-05FC-4ED6-8E6A-0F5B1D26FA59}"
EndProject
Global
	GlobalSection(SolutionConfigurationPlatforms) = preSolution
		Debug|Win32 = Debug|Win32
		Release|Win32 = Release|Win32
	EndGlobalSection
	GlobalSection(ProjectConfigurationPlatforms) = postSolution
		{F3C121BD-7EB0-46CB-93AB-6E4BE0078226}.Debug|Win32.ActiveCfg = Debug|Win32
		{F3C121BD-7EB0-46CB-93AB-6E4BE0078226}.Debug|Win32.Build.0 = Debug|Win32
		{F3C121BD-7EB0-46CB-93AB-6E4BE0078226}.Release|Win32.ActiveCfg = Release|Win32
		{F3C121BD-7EB0-46CB-93AB-6E4BE0078226}.Release|Win32.Build.0 = Release|Win32
		{C616C096-5BEA-4A4B-9F4A-0BD89E458BDB}.Debug|Win32.ActiveCfg = Debug|Win32
		{C616C096-5BEA-4A4B-9F4A-0BD89E458BDB}.Debug|Win32.Build.0 = Debug|Win32
		{C616C096-5BEA-4A4B-9F4A-0BD89E458BDB}.Release|Win32.ActiveCfg = Release|Win32
		{C616C096-5BEA-4A4B-9F4A-0BD89E458BDB}.Release|Win32.Build.0 = Release|Win32
		{5F5F92EB-A4CC-49B6-AF7C-252296B68FD9}.Debug|Win32.ActiveCfg = Debug|Win32
		{5F5F92EB-A4CC-49B6-AF7C-252296B68FD9}.Debug|Win32.Build.0 = Debug|Win32
		{5F5F92EB-A4CC-49B6-AF7C-252296B68FD9}.Release|Win32.ActiveCfg = Release|Win32
		{5F5F92EB-A4CC-49B6-AF7C-252296B68FD9}.Release|Win32.Build.0 = Release|Win32
		{8FC48B72-0B04-4FBB-85A3-887B085FF383}.Debug|Win32.ActiveCfg = Debug|Win32
		{8FC48B72-0B04-4FBB-85A3-887B085FF383}.Debug|Win32.Build.0 = Debug|Win32
		{8FC48B72-0B04-4FBB-85A3-887B085FF383}.Release|Win32.ActiveCfg = Release|Win32
		{8FC48B72-0B04-4FBB-85A3-887B085FF383}.Release|Win32.Build.0 = Release|Win32
		{3F0197CA-05FC-4ED6-8E6A-0F5B1D26FA59}.Debug|Win32.ActiveCfg = Debug|Win32
		{3F0197CA-05FC-4ED6-8E6A-0F5B1D26FA59}.Debug|Win32.Build.0 = Debug|Win32
		{3F0197CA-05FC-4ED6-8E6A-0F5B1D26FA59}.Release|Win32.ActiveCfg = Release|Win32
		{3F0197CA-05FC-4ED6-8E6A-0F5B1D26FA59}.Release|Win32.Build.0 = Release|Win32
	EndGlobalSection
	GlobalSection(SolutionProperties) = preSolution
		HideSolutionNode = FALSE
	EndGlobalSection
EndGlobal
