<?xml version="1.0" encoding="utf-8"?>
<Project ToolsVersion="4.0" xmlns="http://schemas.microsoft.com/developer/msbuild/2003">
  <ItemGroup>
    <ClCompile Include="..\details\position_detector_dispatcher.cpp">
      <Filter>Source Files</Filter>
    </ClCompile>
    <ClCompile Include="..\details\position_detector_packets_manager.cpp">
      <Filter>Source Files</Filter>
    </ClCompile>
    <ClCompile Include="..\details\proxy_server_pd.cpp">
      <Filter>Source Files</Filter>
    </ClCompile>
    <ClCompile Include="..\details\client_context.cpp">
      <Filter>Source Files</Filter>
    </ClCompile>
    <ClCompile Include="..\details\position_detector_connector_api.cpp">
      <Filter>Source Files</Filter>
    </ClCompile>
  </ItemGroup>
  <ItemGroup>
    <ClInclude Include="..\position_detector_dispatcher.h">
      <Filter>Header Files</Filter>
    </ClInclude>
    <ClInclude Include="..\position_detector_packets_manager.h">
      <Filter>Header Files</Filter>
    </ClInclude>
    <ClInclude Include="..\details\position_detector_connector_api.h">
      <Filter>Header Files</Filter>
    </ClInclude>
    <ClInclude Include="..\details\packet_stream.h">
      <Filter>Header Files</Filter>
    </ClInclude>
    <ClInclude Include="..\udp_synchro_packets_dispatcher.h">
      <Filter>Header Files</Filter>
    </ClInclude>
    <ClInclude Include="..\proxy_server_pd.h">
      <Filter>Header Files</Filter>
    </ClInclude>
    <ClInclude Include="..\client_context.h">
      <Filter>Header Files</Filter>
    </ClInclude>
  </ItemGroup>
  <ItemGroup>
    <Filter Include="Header Files">
      <UniqueIdentifier>{1dc06056-333e-482c-8294-4cd8e91af956}</UniqueIdentifier>
      <Extensions>h;hh;hpp;hxx;hm;inl;inc;xsd</Extensions>
    </Filter>
    <Filter Include="Source Files">
      <UniqueIdentifier>{a6a1ece7-8046-4301-8fa6-ed48022834f3}</UniqueIdentifier>
      <Extensions>cpp;c;cc;cxx;def;odl;idl;hpj;bat;asm;asmx</Extensions>
    </Filter>
  </ItemGroup>
</Project>